
Microsoft Visual Studio Solution File, Format Version 12.00
# Visual Studio Version 16
VisualStudioVersion = 25.0.1705.3
MinimumVisualStudioVersion = 10.0.40219.1
Project("{FAE04EC0-301F-11D3-BF4B-00C04F79EFBC}") = "KafkaProducer", "KafkaProducer\KafkaProducer.csproj", "{8BED7849-F3DD-4117-8A11-17DD08AADC7A}"
EndProject
Project("{FAE04EC0-301F-11D3-BF4B-00C04F79EFBC}") = "KafkaConsumer", "KafkaConsumer\KafkaConsumer.csproj", "{73BD4452-C1DF-4514-8F6B-08C938F222EF}"
EndProject
Project("{FAE04EC0-301F-11D3-BF4B-00C04F79EFBC}") = "KafkaMultiConsumer", "KafkaMultiConsumer\KafkaMultiConsumer.csproj", "{F58A2A45-FE45-44B9-9734-8EB9DBE31F36}"
EndProject
Project("{FAE04EC0-301F-11D3-BF4B-00C04F79EFBC}") = "DapperExtender", "DapperExtender\DapperExtender.csproj", "{C0F26E70-AFE9-45B6-BE0B-7AAA6302A0C5}"
EndProject
Project("{FAE04EC0-301F-11D3-BF4B-00C04F79EFBC}") = "LearnGraphQL", "LearnGraphQL\LearnGraphQL.csproj", "{F7AF56F8-89EC-4C39-A029-63AEBC501116}"
EndProject
Project("{FAE04EC0-301F-11D3-BF4B-00C04F79EFBC}") = "TryWolvorine", "TryWolvorine\TryWolvorine.csproj", "{9F950A68-11AB-417F-AEC2-E2BEFC2D6343}"
EndProject
Project("{FAE04EC0-301F-11D3-BF4B-00C04F79EFBC}") = "LinqExamples", "LinqExamples\LinqExamples.csproj", "{D4D0FB99-FF97-4533-A6CA-2E6844806E2E}"
EndProject
Global
	GlobalSection(SolutionConfigurationPlatforms) = preSolution
		Debug|Any CPU = Debug|Any CPU
		Release|Any CPU = Release|Any CPU
	EndGlobalSection
	GlobalSection(ProjectConfigurationPlatforms) = postSolution
		{8BED7849-F3DD-4117-8A11-17DD08AADC7A}.Debug|Any CPU.ActiveCfg = Debug|Any CPU
		{8BED7849-F3DD-4117-8A11-17DD08AADC7A}.Debug|Any CPU.Build.0 = Debug|Any CPU
		{8BED7849-F3DD-4117-8A11-17DD08AADC7A}.Release|Any CPU.ActiveCfg = Release|Any CPU
		{8BED7849-F3DD-4117-8A11-17DD08AADC7A}.Release|Any CPU.Build.0 = Release|Any CPU
		{73BD4452-C1DF-4514-8F6B-08C938F222EF}.Debug|Any CPU.ActiveCfg = Debug|Any CPU
		{73BD4452-C1DF-4514-8F6B-08C938F222EF}.Debug|Any CPU.Build.0 = Debug|Any CPU
		{73BD4452-C1DF-4514-8F6B-08C938F222EF}.Release|Any CPU.ActiveCfg = Release|Any CPU
		{73BD4452-C1DF-4514-8F6B-08C938F222EF}.Release|Any CPU.Build.0 = Release|Any CPU
		{F58A2A45-FE45-44B9-9734-8EB9DBE31F36}.Debug|Any CPU.ActiveCfg = Debug|Any CPU
		{F58A2A45-FE45-44B9-9734-8EB9DBE31F36}.Debug|Any CPU.Build.0 = Debug|Any CPU
		{F58A2A45-FE45-44B9-9734-8EB9DBE31F36}.Release|Any CPU.ActiveCfg = Release|Any CPU
		{F58A2A45-FE45-44B9-9734-8EB9DBE31F36}.Release|Any CPU.Build.0 = Release|Any CPU
		{C0F26E70-AFE9-45B6-BE0B-7AAA6302A0C5}.Debug|Any CPU.ActiveCfg = Debug|Any CPU
		{C0F26E70-AFE9-45B6-BE0B-7AAA6302A0C5}.Debug|Any CPU.Build.0 = Debug|Any CPU
		{C0F26E70-AFE9-45B6-BE0B-7AAA6302A0C5}.Release|Any CPU.ActiveCfg = Release|Any CPU
		{C0F26E70-AFE9-45B6-BE0B-7AAA6302A0C5}.Release|Any CPU.Build.0 = Release|Any CPU
		{F7AF56F8-89EC-4C39-A029-63AEBC501116}.Debug|Any CPU.ActiveCfg = Debug|Any CPU
		{F7AF56F8-89EC-4C39-A029-63AEBC501116}.Debug|Any CPU.Build.0 = Debug|Any CPU
		{F7AF56F8-89EC-4C39-A029-63AEBC501116}.Release|Any CPU.ActiveCfg = Release|Any CPU
		{F7AF56F8-89EC-4C39-A029-63AEBC501116}.Release|Any CPU.Build.0 = Release|Any CPU
		{9F950A68-11AB-417F-AEC2-E2BEFC2D6343}.Debug|Any CPU.ActiveCfg = Debug|Any CPU
		{9F950A68-11AB-417F-AEC2-E2BEFC2D6343}.Debug|Any CPU.Build.0 = Debug|Any CPU
		{9F950A68-11AB-417F-AEC2-E2BEFC2D6343}.Release|Any CPU.ActiveCfg = Release|Any CPU
		{9F950A68-11AB-417F-AEC2-E2BEFC2D6343}.Release|Any CPU.Build.0 = Release|Any CPU
		{D4D0FB99-FF97-4533-A6CA-2E6844806E2E}.Debug|Any CPU.ActiveCfg = Debug|Any CPU
		{D4D0FB99-FF97-4533-A6CA-2E6844806E2E}.Debug|Any CPU.Build.0 = Debug|Any CPU
		{D4D0FB99-FF97-4533-A6CA-2E6844806E2E}.Release|Any CPU.ActiveCfg = Release|Any CPU
		{D4D0FB99-FF97-4533-A6CA-2E6844806E2E}.Release|Any CPU.Build.0 = Release|Any CPU
	EndGlobalSection
	GlobalSection(SolutionProperties) = preSolution
		HideSolutionNode = FALSE
	EndGlobalSection
	GlobalSection(ExtensibilityGlobals) = postSolution
		SolutionGuid = {793F2311-A2BB-4CE3-ABD5-DBB012D9AD58}
	EndGlobalSection
EndGlobal
